
Microsoft Visual Studio Solution File, Format Version 12.00
# Visual Studio Version 16
VisualStudioVersion = 25.0.1700.3
MinimumVisualStudioVersion = 10.0.40219.1
Project("{FAE04EC0-301F-11D3-BF4B-00C04F79EFBC}") = "ProductsAndCategories", "ProductsAndCategories.csproj", "{F30EBB49-E5CD-4B7C-BEAB-6AD50A721568}"
EndProject
Global
	GlobalSection(SolutionConfigurationPlatforms) = preSolution
		Debug|Any CPU = Debug|Any CPU
		Release|Any CPU = Release|Any CPU
	EndGlobalSection
	GlobalSection(ProjectConfigurationPlatforms) = postSolution
		{F30EBB49-E5CD-4B7C-BEAB-6AD50A721568}.Debug|Any CPU.ActiveCfg = Debug|Any CPU
		{F30EBB49-E5CD-4B7C-BEAB-6AD50A721568}.Debug|Any CPU.Build.0 = Debug|Any CPU
		{F30EBB49-E5CD-4B7C-BEAB-6AD50A721568}.Release|Any CPU.ActiveCfg = Release|Any CPU
		{F30EBB49-E5CD-4B7C-BEAB-6AD50A721568}.Release|Any CPU.Build.0 = Release|Any CPU
	EndGlobalSection
	GlobalSection(SolutionProperties) = preSolution
		HideSolutionNode = FALSE
	EndGlobalSection
	GlobalSection(ExtensibilityGlobals) = postSolution
		SolutionGuid = {ABC43C46-F37C-45CF-9460-17CD883A7677}
	EndGlobalSection
EndGlobal
