
Microsoft Visual Studio Solution File, Format Version 12.00
# Visual Studio Version 16
VisualStudioVersion = 25.0.1700.3
MinimumVisualStudioVersion = 10.0.40219.1
Project("{FAE04EC0-301F-11D3-BF4B-00C04F79EFBC}") = "ChefsAndDishes", "ChefsAndDishes.csproj", "{D29D5075-489D-42F5-B983-9380BAD906EF}"
EndProject
Global
	GlobalSection(SolutionConfigurationPlatforms) = preSolution
		Debug|Any CPU = Debug|Any CPU
		Release|Any CPU = Release|Any CPU
	EndGlobalSection
	GlobalSection(ProjectConfigurationPlatforms) = postSolution
		{D29D5075-489D-42F5-B983-9380BAD906EF}.Debug|Any CPU.ActiveCfg = Debug|Any CPU
		{D29D5075-489D-42F5-B983-9380BAD906EF}.Debug|Any CPU.Build.0 = Debug|Any CPU
		{D29D5075-489D-42F5-B983-9380BAD906EF}.Release|Any CPU.ActiveCfg = Release|Any CPU
		{D29D5075-489D-42F5-B983-9380BAD906EF}.Release|Any CPU.Build.0 = Release|Any CPU
	EndGlobalSection
	GlobalSection(SolutionProperties) = preSolution
		HideSolutionNode = FALSE
	EndGlobalSection
	GlobalSection(ExtensibilityGlobals) = postSolution
		SolutionGuid = {0A30896D-4C10-4229-AA05-46BAB10560F3}
	EndGlobalSection
EndGlobal
