
Microsoft Visual Studio Solution File, Format Version 12.00
# Visual Studio Version 16
VisualStudioVersion = 25.0.1700.3
MinimumVisualStudioVersion = 10.0.40219.1
Project("{FAE04EC0-301F-11D3-BF4B-00C04F79EFBC}") = "LINQ_Eruption!", "LINQ_Eruption!.csproj", "{593489C5-21C7-4A95-9F24-E396AF6730CE}"
EndProject
Global
	GlobalSection(SolutionConfigurationPlatforms) = preSolution
		Debug|Any CPU = Debug|Any CPU
		Release|Any CPU = Release|Any CPU
	EndGlobalSection
	GlobalSection(ProjectConfigurationPlatforms) = postSolution
		{593489C5-21C7-4A95-9F24-E396AF6730CE}.Debug|Any CPU.ActiveCfg = Debug|Any CPU
		{593489C5-21C7-4A95-9F24-E396AF6730CE}.Debug|Any CPU.Build.0 = Debug|Any CPU
		{593489C5-21C7-4A95-9F24-E396AF6730CE}.Release|Any CPU.ActiveCfg = Release|Any CPU
		{593489C5-21C7-4A95-9F24-E396AF6730CE}.Release|Any CPU.Build.0 = Release|Any CPU
	EndGlobalSection
	GlobalSection(SolutionProperties) = preSolution
		HideSolutionNode = FALSE
	EndGlobalSection
	GlobalSection(ExtensibilityGlobals) = postSolution
		SolutionGuid = {3B40C481-8357-468E-9433-87D79CAAC7C3}
	EndGlobalSection
EndGlobal
