
Microsoft Visual Studio Solution File, Format Version 12.00
# Visual Studio Version 16
VisualStudioVersion = 25.0.1700.3
MinimumVisualStudioVersion = 10.0.40219.1
Project("{FAE04EC0-301F-11D3-BF4B-00C04F79EFBC}") = "WeddingPlanner", "WeddingPlanner.csproj", "{383452FF-A07A-4798-B8CA-3D11C68AFFD2}"
EndProject
Global
	GlobalSection(SolutionConfigurationPlatforms) = preSolution
		Debug|Any CPU = Debug|Any CPU
		Release|Any CPU = Release|Any CPU
	EndGlobalSection
	GlobalSection(ProjectConfigurationPlatforms) = postSolution
		{383452FF-A07A-4798-B8CA-3D11C68AFFD2}.Debug|Any CPU.ActiveCfg = Debug|Any CPU
		{383452FF-A07A-4798-B8CA-3D11C68AFFD2}.Debug|Any CPU.Build.0 = Debug|Any CPU
		{383452FF-A07A-4798-B8CA-3D11C68AFFD2}.Release|Any CPU.ActiveCfg = Release|Any CPU
		{383452FF-A07A-4798-B8CA-3D11C68AFFD2}.Release|Any CPU.Build.0 = Release|Any CPU
	EndGlobalSection
	GlobalSection(SolutionProperties) = preSolution
		HideSolutionNode = FALSE
	EndGlobalSection
	GlobalSection(ExtensibilityGlobals) = postSolution
		SolutionGuid = {38982B86-30A1-4153-B4D0-2B5F7F17FED5}
	EndGlobalSection
EndGlobal
